// !$*UTF8*$!
{
	archiveVersion = 1;
	classes = {
	};
	objectVersion = 50;
	objects = {

/* Begin PBXBuildFile section */
		A603D37423E489C400FD4B27 /* NetworkingService.swift in Sources */ = {isa = PBXBuildFile; fileRef = A603D37323E489C300FD4B27 /* NetworkingService.swift */; };
		A60FDE8023F9C9840016DA30 /* GamesModel.swift in Sources */ = {isa = PBXBuildFile; fileRef = A60FDE7F23F9C9840016DA30 /* GamesModel.swift */; };
		A60FDE8223F9C9AA0016DA30 /* GameModel.swift in Sources */ = {isa = PBXBuildFile; fileRef = A60FDE8123F9C9AA0016DA30 /* GameModel.swift */; };
		A60FDE8523F9CD020016DA30 /* FirstTeamDetails.swift in Sources */ = {isa = PBXBuildFile; fileRef = A60FDE8423F9CD020016DA30 /* FirstTeamDetails.swift */; };
		A60FDE8723F9CD0E0016DA30 /* SecondTeamDetails.swift in Sources */ = {isa = PBXBuildFile; fileRef = A60FDE8623F9CD0E0016DA30 /* SecondTeamDetails.swift */; };
		A60FDE8923F9CDCF0016DA30 /* ScoreModel.swift in Sources */ = {isa = PBXBuildFile; fileRef = A60FDE8823F9CDCF0016DA30 /* ScoreModel.swift */; };
		A60FDE8D23FA80E70016DA30 /* APIShell.swift in Sources */ = {isa = PBXBuildFile; fileRef = A60FDE8C23FA80E70016DA30 /* APIShell.swift */; };
		A61F358323E316A50026D146 /* CustomTableViewCell.swift in Sources */ = {isa = PBXBuildFile; fileRef = A61F358223E316A50026D146 /* CustomTableViewCell.swift */; };
		A61F358523E31F850026D146 /* MainViewControllerExtension.swift in Sources */ = {isa = PBXBuildFile; fileRef = A61F358423E31F850026D146 /* MainViewControllerExtension.swift */; };
		A61F358923E32F510026D146 /* MatchReviewController.swift in Sources */ = {isa = PBXBuildFile; fileRef = A61F358823E32F510026D146 /* MatchReviewController.swift */; };
		A633B4032404505200DE4218 /* CalendarData.swift in Sources */ = {isa = PBXBuildFile; fileRef = A633B4022404505200DE4218 /* CalendarData.swift */; };
		A66D13C523FECFDE0030E15D /* UrlData.swift in Sources */ = {isa = PBXBuildFile; fileRef = A66D13C423FECFDE0030E15D /* UrlData.swift */; };
		A6B96E8F2403BB2B00BFFF9E /* ReusableConstants.swift in Sources */ = {isa = PBXBuildFile; fileRef = A6B96E8E2403BB2B00BFFF9E /* ReusableConstants.swift */; };
		A6BB45D423E2FE3600A1B5E2 /* AppDelegate.swift in Sources */ = {isa = PBXBuildFile; fileRef = A6BB45D323E2FE3600A1B5E2 /* AppDelegate.swift */; };
		A6BB45D623E2FE3600A1B5E2 /* SceneDelegate.swift in Sources */ = {isa = PBXBuildFile; fileRef = A6BB45D523E2FE3600A1B5E2 /* SceneDelegate.swift */; };
		A6BB45D823E2FE3600A1B5E2 /* MainViewController.swift in Sources */ = {isa = PBXBuildFile; fileRef = A6BB45D723E2FE3600A1B5E2 /* MainViewController.swift */; };
		A6BB45DB23E2FE3600A1B5E2 /* Main.storyboard in Resources */ = {isa = PBXBuildFile; fileRef = A6BB45D923E2FE3600A1B5E2 /* Main.storyboard */; };
		A6BB45DD23E2FE3A00A1B5E2 /* Assets.xcassets in Resources */ = {isa = PBXBuildFile; fileRef = A6BB45DC23E2FE3A00A1B5E2 /* Assets.xcassets */; };
		A6BB45E023E2FE3A00A1B5E2 /* LaunchScreen.storyboard in Resources */ = {isa = PBXBuildFile; fileRef = A6BB45DE23E2FE3A00A1B5E2 /* LaunchScreen.storyboard */; };
		A6BB45EB23E2FE3B00A1B5E2 /* NBAlufeTests.swift in Sources */ = {isa = PBXBuildFile; fileRef = A6BB45EA23E2FE3B00A1B5E2 /* NBAlufeTests.swift */; };
		A6BB45F623E2FE3B00A1B5E2 /* NBAlufeUITests.swift in Sources */ = {isa = PBXBuildFile; fileRef = A6BB45F523E2FE3B00A1B5E2 /* NBAlufeUITests.swift */; };
/* End PBXBuildFile section */

/* Begin PBXContainerItemProxy section */
		A6BB45E723E2FE3B00A1B5E2 /* PBXContainerItemProxy */ = {
			isa = PBXContainerItemProxy;
			containerPortal = A6BB45C823E2FE3600A1B5E2 /* Project object */;
			proxyType = 1;
			remoteGlobalIDString = A6BB45CF23E2FE3600A1B5E2;
			remoteInfo = NBAlufe;
		};
		A6BB45F223E2FE3B00A1B5E2 /* PBXContainerItemProxy */ = {
			isa = PBXContainerItemProxy;
			containerPortal = A6BB45C823E2FE3600A1B5E2 /* Project object */;
			proxyType = 1;
			remoteGlobalIDString = A6BB45CF23E2FE3600A1B5E2;
			remoteInfo = NBAlufe;
		};
/* End PBXContainerItemProxy section */

/* Begin PBXFileReference section */
		A603D37323E489C300FD4B27 /* NetworkingService.swift */ = {isa = PBXFileReference; lastKnownFileType = sourcecode.swift; path = NetworkingService.swift; sourceTree = "<group>"; };
		A60FDE7F23F9C9840016DA30 /* GamesModel.swift */ = {isa = PBXFileReference; lastKnownFileType = sourcecode.swift; path = GamesModel.swift; sourceTree = "<group>"; };
		A60FDE8123F9C9AA0016DA30 /* GameModel.swift */ = {isa = PBXFileReference; lastKnownFileType = sourcecode.swift; path = GameModel.swift; sourceTree = "<group>"; };
		A60FDE8423F9CD020016DA30 /* FirstTeamDetails.swift */ = {isa = PBXFileReference; lastKnownFileType = sourcecode.swift; path = FirstTeamDetails.swift; sourceTree = "<group>"; };
		A60FDE8623F9CD0E0016DA30 /* SecondTeamDetails.swift */ = {isa = PBXFileReference; lastKnownFileType = sourcecode.swift; path = SecondTeamDetails.swift; sourceTree = "<group>"; };
		A60FDE8823F9CDCF0016DA30 /* ScoreModel.swift */ = {isa = PBXFileReference; lastKnownFileType = sourcecode.swift; path = ScoreModel.swift; sourceTree = "<group>"; };
		A60FDE8C23FA80E70016DA30 /* APIShell.swift */ = {isa = PBXFileReference; lastKnownFileType = sourcecode.swift; path = APIShell.swift; sourceTree = "<group>"; };
		A61F358223E316A50026D146 /* CustomTableViewCell.swift */ = {isa = PBXFileReference; lastKnownFileType = sourcecode.swift; path = CustomTableViewCell.swift; sourceTree = "<group>"; };
		A61F358423E31F850026D146 /* MainViewControllerExtension.swift */ = {isa = PBXFileReference; lastKnownFileType = sourcecode.swift; path = MainViewControllerExtension.swift; sourceTree = "<group>"; };
		A61F358823E32F510026D146 /* MatchReviewController.swift */ = {isa = PBXFileReference; lastKnownFileType = sourcecode.swift; path = MatchReviewController.swift; sourceTree = "<group>"; };
		A633B4022404505200DE4218 /* CalendarData.swift */ = {isa = PBXFileReference; lastKnownFileType = sourcecode.swift; path = CalendarData.swift; sourceTree = "<group>"; };
		A66D13C423FECFDE0030E15D /* UrlData.swift */ = {isa = PBXFileReference; lastKnownFileType = sourcecode.swift; path = UrlData.swift; sourceTree = "<group>"; };
		A6B96E8E2403BB2B00BFFF9E /* ReusableConstants.swift */ = {isa = PBXFileReference; lastKnownFileType = sourcecode.swift; path = ReusableConstants.swift; sourceTree = "<group>"; };
		A6BB45D023E2FE3600A1B5E2 /* NBAlufe.app */ = {isa = PBXFileReference; explicitFileType = wrapper.application; includeInIndex = 0; path = NBAlufe.app; sourceTree = BUILT_PRODUCTS_DIR; };
		A6BB45D323E2FE3600A1B5E2 /* AppDelegate.swift */ = {isa = PBXFileReference; lastKnownFileType = sourcecode.swift; path = AppDelegate.swift; sourceTree = "<group>"; };
		A6BB45D523E2FE3600A1B5E2 /* SceneDelegate.swift */ = {isa = PBXFileReference; lastKnownFileType = sourcecode.swift; path = SceneDelegate.swift; sourceTree = "<group>"; };
		A6BB45D723E2FE3600A1B5E2 /* MainViewController.swift */ = {isa = PBXFileReference; lastKnownFileType = sourcecode.swift; path = MainViewController.swift; sourceTree = "<group>"; };
		A6BB45DA23E2FE3600A1B5E2 /* Base */ = {isa = PBXFileReference; lastKnownFileType = file.storyboard; name = Base; path = Base.lproj/Main.storyboard; sourceTree = "<group>"; };
		A6BB45DC23E2FE3A00A1B5E2 /* Assets.xcassets */ = {isa = PBXFileReference; lastKnownFileType = folder.assetcatalog; path = Assets.xcassets; sourceTree = "<group>"; };
		A6BB45DF23E2FE3A00A1B5E2 /* Base */ = {isa = PBXFileReference; lastKnownFileType = file.storyboard; name = Base; path = Base.lproj/LaunchScreen.storyboard; sourceTree = "<group>"; };
		A6BB45E123E2FE3A00A1B5E2 /* Info.plist */ = {isa = PBXFileReference; lastKnownFileType = text.plist.xml; path = Info.plist; sourceTree = "<group>"; };
		A6BB45E623E2FE3B00A1B5E2 /* NBAlufeTests.xctest */ = {isa = PBXFileReference; explicitFileType = wrapper.cfbundle; includeInIndex = 0; path = NBAlufeTests.xctest; sourceTree = BUILT_PRODUCTS_DIR; };
		A6BB45EA23E2FE3B00A1B5E2 /* NBAlufeTests.swift */ = {isa = PBXFileReference; lastKnownFileType = sourcecode.swift; path = NBAlufeTests.swift; sourceTree = "<group>"; };
		A6BB45EC23E2FE3B00A1B5E2 /* Info.plist */ = {isa = PBXFileReference; lastKnownFileType = text.plist.xml; path = Info.plist; sourceTree = "<group>"; };
		A6BB45F123E2FE3B00A1B5E2 /* NBAlufeUITests.xctest */ = {isa = PBXFileReference; explicitFileType = wrapper.cfbundle; includeInIndex = 0; path = NBAlufeUITests.xctest; sourceTree = BUILT_PRODUCTS_DIR; };
		A6BB45F523E2FE3B00A1B5E2 /* NBAlufeUITests.swift */ = {isa = PBXFileReference; lastKnownFileType = sourcecode.swift; path = NBAlufeUITests.swift; sourceTree = "<group>"; };
		A6BB45F723E2FE3B00A1B5E2 /* Info.plist */ = {isa = PBXFileReference; lastKnownFileType = text.plist.xml; path = Info.plist; sourceTree = "<group>"; };
/* End PBXFileReference section */

/* Begin PBXFrameworksBuildPhase section */
		A6BB45CD23E2FE3600A1B5E2 /* Frameworks */ = {
			isa = PBXFrameworksBuildPhase;
			buildActionMask = 2147483647;
			files = (
			);
			runOnlyForDeploymentPostprocessing = 0;
		};
		A6BB45E323E2FE3B00A1B5E2 /* Frameworks */ = {
			isa = PBXFrameworksBuildPhase;
			buildActionMask = 2147483647;
			files = (
			);
			runOnlyForDeploymentPostprocessing = 0;
		};
		A6BB45EE23E2FE3B00A1B5E2 /* Frameworks */ = {
			isa = PBXFrameworksBuildPhase;
			buildActionMask = 2147483647;
			files = (
			);
			runOnlyForDeploymentPostprocessing = 0;
		};
/* End PBXFrameworksBuildPhase section */

/* Begin PBXGroup section */
		A60FDE8323F9CA7C0016DA30 /* DecodableStructs */ = {
			isa = PBXGroup;
			children = (
				A60FDE8C23FA80E70016DA30 /* APIShell.swift */,
				A60FDE7F23F9C9840016DA30 /* GamesModel.swift */,
				A60FDE8123F9C9AA0016DA30 /* GameModel.swift */,
				A60FDE8423F9CD020016DA30 /* FirstTeamDetails.swift */,
				A60FDE8623F9CD0E0016DA30 /* SecondTeamDetails.swift */,
				A60FDE8823F9CDCF0016DA30 /* ScoreModel.swift */,
			);
			path = DecodableStructs;
			sourceTree = "<group>";
		};
		A666B88E23F9C13600126C38 /* AppSet */ = {
			isa = PBXGroup;
			children = (
				A6BB45D323E2FE3600A1B5E2 /* AppDelegate.swift */,
				A6BB45D523E2FE3600A1B5E2 /* SceneDelegate.swift */,
			);
			path = AppSet;
			sourceTree = "<group>";
		};
		A668769623F69F08001F710C /* Extensions */ = {
			isa = PBXGroup;
			children = (
				A61F358423E31F850026D146 /* MainViewControllerExtension.swift */,
			);
			path = Extensions;
			sourceTree = "<group>";
		};
		A66D13C323FECF4D0030E15D /* NetworkingStructs */ = {
			isa = PBXGroup;
			children = (
				A66D13C423FECFDE0030E15D /* UrlData.swift */,
				A60FDE8323F9CA7C0016DA30 /* DecodableStructs */,
			);
			path = NetworkingStructs;
			sourceTree = "<group>";
		};
		A66D13C623FED0700030E15D /* Networking */ = {
			isa = PBXGroup;
			children = (
				A603D37323E489C300FD4B27 /* NetworkingService.swift */,
				A66D13C323FECF4D0030E15D /* NetworkingStructs */,
			);
			path = Networking;
			sourceTree = "<group>";
		};
		A670F33223E30459009E5AF5 /* Models */ = {
			isa = PBXGroup;
			children = (
				A66D13C623FED0700030E15D /* Networking */,
				A666B88E23F9C13600126C38 /* AppSet */,
				A61F358223E316A50026D146 /* CustomTableViewCell.swift */,
			);
			path = Models;
			sourceTree = "<group>";
		};
		A670F33323E3046A009E5AF5 /* Views */ = {
			isa = PBXGroup;
			children = (
				A6BB45D923E2FE3600A1B5E2 /* Main.storyboard */,
				A6BB45DE23E2FE3A00A1B5E2 /* LaunchScreen.storyboard */,
			);
			path = Views;
			sourceTree = "<group>";
		};
		A670F33423E30478009E5AF5 /* Controllers */ = {
			isa = PBXGroup;
			children = (
				A668769623F69F08001F710C /* Extensions */,
				A6BB45D723E2FE3600A1B5E2 /* MainViewController.swift */,
				A61F358823E32F510026D146 /* MatchReviewController.swift */,
			);
			path = Controllers;
			sourceTree = "<group>";
		};
		A6BB45C723E2FE3600A1B5E2 = {
			isa = PBXGroup;
			children = (
				A6BB45D223E2FE3600A1B5E2 /* NBAlufe */,
				A6BB45E923E2FE3B00A1B5E2 /* NBAlufeTests */,
				A6BB45F423E2FE3B00A1B5E2 /* NBAlufeUITests */,
				A6BB45D123E2FE3600A1B5E2 /* Products */,
			);
			sourceTree = "<group>";
		};
		A6BB45D123E2FE3600A1B5E2 /* Products */ = {
			isa = PBXGroup;
			children = (
				A6BB45D023E2FE3600A1B5E2 /* NBAlufe.app */,
				A6BB45E623E2FE3B00A1B5E2 /* NBAlufeTests.xctest */,
				A6BB45F123E2FE3B00A1B5E2 /* NBAlufeUITests.xctest */,
			);
			name = Products;
			sourceTree = "<group>";
		};
		A6BB45D223E2FE3600A1B5E2 /* NBAlufe */ = {
			isa = PBXGroup;
			children = (
				A633B4022404505200DE4218 /* CalendarData.swift */,
				A6B96E8E2403BB2B00BFFF9E /* ReusableConstants.swift */,
				A670F33423E30478009E5AF5 /* Controllers */,
				A670F33323E3046A009E5AF5 /* Views */,
				A670F33223E30459009E5AF5 /* Models */,
				A6BB45DC23E2FE3A00A1B5E2 /* Assets.xcassets */,
				A6BB45E123E2FE3A00A1B5E2 /* Info.plist */,
			);
			path = NBAlufe;
			sourceTree = "<group>";
		};
		A6BB45E923E2FE3B00A1B5E2 /* NBAlufeTests */ = {
			isa = PBXGroup;
			children = (
				A6BB45EA23E2FE3B00A1B5E2 /* NBAlufeTests.swift */,
				A6BB45EC23E2FE3B00A1B5E2 /* Info.plist */,
			);
			path = NBAlufeTests;
			sourceTree = "<group>";
		};
		A6BB45F423E2FE3B00A1B5E2 /* NBAlufeUITests */ = {
			isa = PBXGroup;
			children = (
				A6BB45F523E2FE3B00A1B5E2 /* NBAlufeUITests.swift */,
				A6BB45F723E2FE3B00A1B5E2 /* Info.plist */,
			);
			path = NBAlufeUITests;
			sourceTree = "<group>";
		};
/* End PBXGroup section */

/* Begin PBXNativeTarget section */
		A6BB45CF23E2FE3600A1B5E2 /* NBAlufe */ = {
			isa = PBXNativeTarget;
			buildConfigurationList = A6BB45FA23E2FE3B00A1B5E2 /* Build configuration list for PBXNativeTarget "NBAlufe" */;
			buildPhases = (
				A6BB45CC23E2FE3600A1B5E2 /* Sources */,
				A6BB45CD23E2FE3600A1B5E2 /* Frameworks */,
				A6BB45CE23E2FE3600A1B5E2 /* Resources */,
			);
			buildRules = (
			);
			dependencies = (
			);
			name = NBAlufe;
			productName = NBAlufe;
			productReference = A6BB45D023E2FE3600A1B5E2 /* NBAlufe.app */;
			productType = "com.apple.product-type.application";
		};
		A6BB45E523E2FE3B00A1B5E2 /* NBAlufeTests */ = {
			isa = PBXNativeTarget;
			buildConfigurationList = A6BB45FD23E2FE3B00A1B5E2 /* Build configuration list for PBXNativeTarget "NBAlufeTests" */;
			buildPhases = (
				A6BB45E223E2FE3B00A1B5E2 /* Sources */,
				A6BB45E323E2FE3B00A1B5E2 /* Frameworks */,
				A6BB45E423E2FE3B00A1B5E2 /* Resources */,
			);
			buildRules = (
			);
			dependencies = (
				A6BB45E823E2FE3B00A1B5E2 /* PBXTargetDependency */,
			);
			name = NBAlufeTests;
			productName = NBAlufeTests;
			productReference = A6BB45E623E2FE3B00A1B5E2 /* NBAlufeTests.xctest */;
			productType = "com.apple.product-type.bundle.unit-test";
		};
		A6BB45F023E2FE3B00A1B5E2 /* NBAlufeUITests */ = {
			isa = PBXNativeTarget;
			buildConfigurationList = A6BB460023E2FE3B00A1B5E2 /* Build configuration list for PBXNativeTarget "NBAlufeUITests" */;
			buildPhases = (
				A6BB45ED23E2FE3B00A1B5E2 /* Sources */,
				A6BB45EE23E2FE3B00A1B5E2 /* Frameworks */,
				A6BB45EF23E2FE3B00A1B5E2 /* Resources */,
			);
			buildRules = (
			);
			dependencies = (
				A6BB45F323E2FE3B00A1B5E2 /* PBXTargetDependency */,
			);
			name = NBAlufeUITests;
			productName = NBAlufeUITests;
			productReference = A6BB45F123E2FE3B00A1B5E2 /* NBAlufeUITests.xctest */;
			productType = "com.apple.product-type.bundle.ui-testing";
		};
/* End PBXNativeTarget section */

/* Begin PBXProject section */
		A6BB45C823E2FE3600A1B5E2 /* Project object */ = {
			isa = PBXProject;
			attributes = {
				LastSwiftUpdateCheck = 1130;
				LastUpgradeCheck = 1130;
				ORGANIZATIONNAME = "Alexey Meleshkevich";
				TargetAttributes = {
					A6BB45CF23E2FE3600A1B5E2 = {
						CreatedOnToolsVersion = 11.3;
					};
					A6BB45E523E2FE3B00A1B5E2 = {
						CreatedOnToolsVersion = 11.3;
						TestTargetID = A6BB45CF23E2FE3600A1B5E2;
					};
					A6BB45F023E2FE3B00A1B5E2 = {
						CreatedOnToolsVersion = 11.3;
						TestTargetID = A6BB45CF23E2FE3600A1B5E2;
					};
				};
			};
			buildConfigurationList = A6BB45CB23E2FE3600A1B5E2 /* Build configuration list for PBXProject "NBAlufe" */;
			compatibilityVersion = "Xcode 9.3";
			developmentRegion = en;
			hasScannedForEncodings = 0;
			knownRegions = (
				en,
				Base,
			);
			mainGroup = A6BB45C723E2FE3600A1B5E2;
			productRefGroup = A6BB45D123E2FE3600A1B5E2 /* Products */;
			projectDirPath = "";
			projectRoot = "";
			targets = (
				A6BB45CF23E2FE3600A1B5E2 /* NBAlufe */,
				A6BB45E523E2FE3B00A1B5E2 /* NBAlufeTests */,
				A6BB45F023E2FE3B00A1B5E2 /* NBAlufeUITests */,
			);
		};
/* End PBXProject section */

/* Begin PBXResourcesBuildPhase section */
		A6BB45CE23E2FE3600A1B5E2 /* Resources */ = {
			isa = PBXResourcesBuildPhase;
			buildActionMask = 2147483647;
			files = (
				A6BB45E023E2FE3A00A1B5E2 /* LaunchScreen.storyboard in Resources */,
				A6BB45DD23E2FE3A00A1B5E2 /* Assets.xcassets in Resources */,
				A6BB45DB23E2FE3600A1B5E2 /* Main.storyboard in Resources */,
			);
			runOnlyForDeploymentPostprocessing = 0;
		};
		A6BB45E423E2FE3B00A1B5E2 /* Resources */ = {
			isa = PBXResourcesBuildPhase;
			buildActionMask = 2147483647;
			files = (
			);
			runOnlyForDeploymentPostprocessing = 0;
		};
		A6BB45EF23E2FE3B00A1B5E2 /* Resources */ = {
			isa = PBXResourcesBuildPhase;
			buildActionMask = 2147483647;
			files = (
			);
			runOnlyForDeploymentPostprocessing = 0;
		};
/* End PBXResourcesBuildPhase section */

/* Begin PBXSourcesBuildPhase section */
		A6BB45CC23E2FE3600A1B5E2 /* Sources */ = {
			isa = PBXSourcesBuildPhase;
			buildActionMask = 2147483647;
			files = (
				A6BB45D823E2FE3600A1B5E2 /* MainViewController.swift in Sources */,
				A633B4032404505200DE4218 /* CalendarData.swift in Sources */,
				A60FDE8923F9CDCF0016DA30 /* ScoreModel.swift in Sources */,
				A6BB45D423E2FE3600A1B5E2 /* AppDelegate.swift in Sources */,
				A66D13C523FECFDE0030E15D /* UrlData.swift in Sources */,
				A6B96E8F2403BB2B00BFFF9E /* ReusableConstants.swift in Sources */,
				A61F358323E316A50026D146 /* CustomTableViewCell.swift in Sources */,
				A603D37423E489C400FD4B27 /* NetworkingService.swift in Sources */,
				A60FDE8523F9CD020016DA30 /* FirstTeamDetails.swift in Sources */,
				A60FDE8D23FA80E70016DA30 /* APIShell.swift in Sources */,
				A60FDE8223F9C9AA0016DA30 /* GameModel.swift in Sources */,
				A61F358923E32F510026D146 /* MatchReviewController.swift in Sources */,
				A61F358523E31F850026D146 /* MainViewControllerExtension.swift in Sources */,
				A6BB45D623E2FE3600A1B5E2 /* SceneDelegate.swift in Sources */,
				A60FDE8023F9C9840016DA30 /* GamesModel.swift in Sources */,
				A60FDE8723F9CD0E0016DA30 /* SecondTeamDetails.swift in Sources */,
			);
			runOnlyForDeploymentPostprocessing = 0;
		};
		A6BB45E223E2FE3B00A1B5E2 /* Sources */ = {
			isa = PBXSourcesBuildPhase;
			buildActionMask = 2147483647;
			files = (
				A6BB45EB23E2FE3B00A1B5E2 /* NBAlufeTests.swift in Sources */,
			);
			runOnlyForDeploymentPostprocessing = 0;
		};
		A6BB45ED23E2FE3B00A1B5E2 /* Sources */ = {
			isa = PBXSourcesBuildPhase;
			buildActionMask = 2147483647;
			files = (
				A6BB45F623E2FE3B00A1B5E2 /* NBAlufeUITests.swift in Sources */,
			);
			runOnlyForDeploymentPostprocessing = 0;
		};
/* End PBXSourcesBuildPhase section */

/* Begin PBXTargetDependency section */
		A6BB45E823E2FE3B00A1B5E2 /* PBXTargetDependency */ = {
			isa = PBXTargetDependency;
			target = A6BB45CF23E2FE3600A1B5E2 /* NBAlufe */;
			targetProxy = A6BB45E723E2FE3B00A1B5E2 /* PBXContainerItemProxy */;
		};
		A6BB45F323E2FE3B00A1B5E2 /* PBXTargetDependency */ = {
			isa = PBXTargetDependency;
			target = A6BB45CF23E2FE3600A1B5E2 /* NBAlufe */;
			targetProxy = A6BB45F223E2FE3B00A1B5E2 /* PBXContainerItemProxy */;
		};
/* End PBXTargetDependency section */

/* Begin PBXVariantGroup section */
		A6BB45D923E2FE3600A1B5E2 /* Main.storyboard */ = {
			isa = PBXVariantGroup;
			children = (
				A6BB45DA23E2FE3600A1B5E2 /* Base */,
			);
			name = Main.storyboard;
			sourceTree = "<group>";
		};
		A6BB45DE23E2FE3A00A1B5E2 /* LaunchScreen.storyboard */ = {
			isa = PBXVariantGroup;
			children = (
				A6BB45DF23E2FE3A00A1B5E2 /* Base */,
			);
			name = LaunchScreen.storyboard;
			sourceTree = "<group>";
		};
/* End PBXVariantGroup section */

/* Begin XCBuildConfiguration section */
		A6BB45F823E2FE3B00A1B5E2 /* Debug */ = {
			isa = XCBuildConfiguration;
			buildSettings = {
				ALWAYS_SEARCH_USER_PATHS = NO;
				CLANG_ANALYZER_NONNULL = YES;
				CLANG_ANALYZER_NUMBER_OBJECT_CONVERSION = YES_AGGRESSIVE;
				CLANG_CXX_LANGUAGE_STANDARD = "gnu++14";
				CLANG_CXX_LIBRARY = "libc++";
				CLANG_ENABLE_MODULES = YES;
				CLANG_ENABLE_OBJC_ARC = YES;
				CLANG_ENABLE_OBJC_WEAK = YES;
				CLANG_WARN_BLOCK_CAPTURE_AUTORELEASING = YES;
				CLANG_WARN_BOOL_CONVERSION = YES;
				CLANG_WARN_COMMA = YES;
				CLANG_WARN_CONSTANT_CONVERSION = YES;
				CLANG_WARN_DEPRECATED_OBJC_IMPLEMENTATIONS = YES;
				CLANG_WARN_DIRECT_OBJC_ISA_USAGE = YES_ERROR;
				CLANG_WARN_DOCUMENTATION_COMMENTS = YES;
				CLANG_WARN_EMPTY_BODY = YES;
				CLANG_WARN_ENUM_CONVERSION = YES;
				CLANG_WARN_INFINITE_RECURSION = YES;
				CLANG_WARN_INT_CONVERSION = YES;
				CLANG_WARN_NON_LITERAL_NULL_CONVERSION = YES;
				CLANG_WARN_OBJC_IMPLICIT_RETAIN_SELF = YES;
				CLANG_WARN_OBJC_LITERAL_CONVERSION = YES;
				CLANG_WARN_OBJC_ROOT_CLASS = YES_ERROR;
				CLANG_WARN_RANGE_LOOP_ANALYSIS = YES;
				CLANG_WARN_STRICT_PROTOTYPES = YES;
				CLANG_WARN_SUSPICIOUS_MOVE = YES;
				CLANG_WARN_UNGUARDED_AVAILABILITY = YES_AGGRESSIVE;
				CLANG_WARN_UNREACHABLE_CODE = YES;
				CLANG_WARN__DUPLICATE_METHOD_MATCH = YES;
				COPY_PHASE_STRIP = NO;
				DEBUG_INFORMATION_FORMAT = dwarf;
				ENABLE_STRICT_OBJC_MSGSEND = YES;
				ENABLE_TESTABILITY = YES;
				GCC_C_LANGUAGE_STANDARD = gnu11;
				GCC_DYNAMIC_NO_PIC = NO;
				GCC_NO_COMMON_BLOCKS = YES;
				GCC_OPTIMIZATION_LEVEL = 0;
				GCC_PREPROCESSOR_DEFINITIONS = (
					"DEBUG=1",
					"$(inherited)",
				);
				GCC_WARN_64_TO_32_BIT_CONVERSION = YES;
				GCC_WARN_ABOUT_RETURN_TYPE = YES_ERROR;
				GCC_WARN_UNDECLARED_SELECTOR = YES;
				GCC_WARN_UNINITIALIZED_AUTOS = YES_AGGRESSIVE;
				GCC_WARN_UNUSED_FUNCTION = YES;
				GCC_WARN_UNUSED_VARIABLE = YES;
				IPHONEOS_DEPLOYMENT_TARGET = 13.2;
				MTL_ENABLE_DEBUG_INFO = INCLUDE_SOURCE;
				MTL_FAST_MATH = YES;
				ONLY_ACTIVE_ARCH = YES;
				SDKROOT = iphoneos;
				SWIFT_ACTIVE_COMPILATION_CONDITIONS = DEBUG;
				SWIFT_OPTIMIZATION_LEVEL = "-Onone";
			};
			name = Debug;
		};
		A6BB45F923E2FE3B00A1B5E2 /* Release */ = {
			isa = XCBuildConfiguration;
			buildSettings = {
				ALWAYS_SEARCH_USER_PATHS = NO;
				CLANG_ANALYZER_NONNULL = YES;
				CLANG_ANALYZER_NUMBER_OBJECT_CONVERSION = YES_AGGRESSIVE;
				CLANG_CXX_LANGUAGE_STANDARD = "gnu++14";
				CLANG_CXX_LIBRARY = "libc++";
				CLANG_ENABLE_MODULES = YES;
				CLANG_ENABLE_OBJC_ARC = YES;
				CLANG_ENABLE_OBJC_WEAK = YES;
				CLANG_WARN_BLOCK_CAPTURE_AUTORELEASING = YES;
				CLANG_WARN_BOOL_CONVERSION = YES;
				CLANG_WARN_COMMA = YES;
				CLANG_WARN_CONSTANT_CONVERSION = YES;
				CLANG_WARN_DEPRECATED_OBJC_IMPLEMENTATIONS = YES;
				CLANG_WARN_DIRECT_OBJC_ISA_USAGE = YES_ERROR;
				CLANG_WARN_DOCUMENTATION_COMMENTS = YES;
				CLANG_WARN_EMPTY_BODY = YES;
				CLANG_WARN_ENUM_CONVERSION = YES;
				CLANG_WARN_INFINITE_RECURSION = YES;
				CLANG_WARN_INT_CONVERSION = YES;
				CLANG_WARN_NON_LITERAL_NULL_CONVERSION = YES;
				CLANG_WARN_OBJC_IMPLICIT_RETAIN_SELF = YES;
				CLANG_WARN_OBJC_LITERAL_CONVERSION = YES;
				CLANG_WARN_OBJC_ROOT_CLASS = YES_ERROR;
				CLANG_WARN_RANGE_LOOP_ANALYSIS = YES;
				CLANG_WARN_STRICT_PROTOTYPES = YES;
				CLANG_WARN_SUSPICIOUS_MOVE = YES;
				CLANG_WARN_UNGUARDED_AVAILABILITY = YES_AGGRESSIVE;
				CLANG_WARN_UNREACHABLE_CODE = YES;
				CLANG_WARN__DUPLICATE_METHOD_MATCH = YES;
				COPY_PHASE_STRIP = NO;
				DEBUG_INFORMATION_FORMAT = "dwarf-with-dsym";
				ENABLE_NS_ASSERTIONS = NO;
				ENABLE_STRICT_OBJC_MSGSEND = YES;
				GCC_C_LANGUAGE_STANDARD = gnu11;
				GCC_NO_COMMON_BLOCKS = YES;
				GCC_WARN_64_TO_32_BIT_CONVERSION = YES;
				GCC_WARN_ABOUT_RETURN_TYPE = YES_ERROR;
				GCC_WARN_UNDECLARED_SELECTOR = YES;
				GCC_WARN_UNINITIALIZED_AUTOS = YES_AGGRESSIVE;
				GCC_WARN_UNUSED_FUNCTION = YES;
				GCC_WARN_UNUSED_VARIABLE = YES;
				IPHONEOS_DEPLOYMENT_TARGET = 13.2;
				MTL_ENABLE_DEBUG_INFO = NO;
				MTL_FAST_MATH = YES;
				SDKROOT = iphoneos;
				SWIFT_COMPILATION_MODE = wholemodule;
				SWIFT_OPTIMIZATION_LEVEL = "-O";
				VALIDATE_PRODUCT = YES;
			};
			name = Release;
		};
		A6BB45FB23E2FE3B00A1B5E2 /* Debug */ = {
			isa = XCBuildConfiguration;
			buildSettings = {
				ASSETCATALOG_COMPILER_APPICON_NAME = AppIcon;
				CODE_SIGN_STYLE = Automatic;
				DEVELOPMENT_TEAM = WD3HSGX563;
				INFOPLIST_FILE = NBAlufe/Info.plist;
				LD_RUNPATH_SEARCH_PATHS = (
					"$(inherited)",
					"@executable_path/Frameworks",
				);
				PRODUCT_BUNDLE_IDENTIFIER = AlexeyMeleshkevich.NBAlufe;
				PRODUCT_NAME = "$(TARGET_NAME)";
				SWIFT_VERSION = 5.0;
				TARGETED_DEVICE_FAMILY = "1,2";
			};
			name = Debug;
		};
		A6BB45FC23E2FE3B00A1B5E2 /* Release */ = {
			isa = XCBuildConfiguration;
			buildSettings = {
				ASSETCATALOG_COMPILER_APPICON_NAME = AppIcon;
				CODE_SIGN_STYLE = Automatic;
				DEVELOPMENT_TEAM = WD3HSGX563;
				INFOPLIST_FILE = NBAlufe/Info.plist;
				LD_RUNPATH_SEARCH_PATHS = (
					"$(inherited)",
					"@executable_path/Frameworks",
				);
				PRODUCT_BUNDLE_IDENTIFIER = AlexeyMeleshkevich.NBAlufe;
				PRODUCT_NAME = "$(TARGET_NAME)";
				SWIFT_VERSION = 5.0;
				TARGETED_DEVICE_FAMILY = "1,2";
			};
			name = Release;
		};
		A6BB45FE23E2FE3B00A1B5E2 /* Debug */ = {
			isa = XCBuildConfiguration;
			buildSettings = {
				ALWAYS_EMBED_SWIFT_STANDARD_LIBRARIES = YES;
				BUNDLE_LOADER = "$(TEST_HOST)";
				CODE_SIGN_STYLE = Automatic;
				DEVELOPMENT_TEAM = WD3HSGX563;
				INFOPLIST_FILE = NBAlufeTests/Info.plist;
				IPHONEOS_DEPLOYMENT_TARGET = 13.2;
				LD_RUNPATH_SEARCH_PATHS = (
					"$(inherited)",
					"@executable_path/Frameworks",
					"@loader_path/Frameworks",
				);
				PRODUCT_BUNDLE_IDENTIFIER = AlexeyMeleshkevich.NBAlufeTests;
				PRODUCT_NAME = "$(TARGET_NAME)";
				SWIFT_VERSION = 5.0;
				TARGETED_DEVICE_FAMILY = "1,2";
				TEST_HOST = "$(BUILT_PRODUCTS_DIR)/NBAlufe.app/NBAlufe";
			};
			name = Debug;
		};
		A6BB45FF23E2FE3B00A1B5E2 /* Release */ = {
			isa = XCBuildConfiguration;
			buildSettings = {
				ALWAYS_EMBED_SWIFT_STANDARD_LIBRARIES = YES;
				BUNDLE_LOADER = "$(TEST_HOST)";
				CODE_SIGN_STYLE = Automatic;
				DEVELOPMENT_TEAM = WD3HSGX563;
				INFOPLIST_FILE = NBAlufeTests/Info.plist;
				IPHONEOS_DEPLOYMENT_TARGET = 13.2;
				LD_RUNPATH_SEARCH_PATHS = (
					"$(inherited)",
					"@executable_path/Frameworks",
					"@loader_path/Frameworks",
				);
				PRODUCT_BUNDLE_IDENTIFIER = AlexeyMeleshkevich.NBAlufeTests;
				PRODUCT_NAME = "$(TARGET_NAME)";
				SWIFT_VERSION = 5.0;
				TARGETED_DEVICE_FAMILY = "1,2";
				TEST_HOST = "$(BUILT_PRODUCTS_DIR)/NBAlufe.app/NBAlufe";
			};
			name = Release;
		};
		A6BB460123E2FE3B00A1B5E2 /* Debug */ = {
			isa = XCBuildConfiguration;
			buildSettings = {
				ALWAYS_EMBED_SWIFT_STANDARD_LIBRARIES = YES;
				CODE_SIGN_STYLE = Automatic;
				DEVELOPMENT_TEAM = WD3HSGX563;
				INFOPLIST_FILE = NBAlufeUITests/Info.plist;
				LD_RUNPATH_SEARCH_PATHS = (
					"$(inherited)",
					"@executable_path/Frameworks",
					"@loader_path/Frameworks",
				);
				PRODUCT_BUNDLE_IDENTIFIER = AlexeyMeleshkevich.NBAlufeUITests;
				PRODUCT_NAME = "$(TARGET_NAME)";
				SWIFT_VERSION = 5.0;
				TARGETED_DEVICE_FAMILY = "1,2";
				TEST_TARGET_NAME = NBAlufe;
			};
			name = Debug;
		};
		A6BB460223E2FE3B00A1B5E2 /* Release */ = {
			isa = XCBuildConfiguration;
			buildSettings = {
				ALWAYS_EMBED_SWIFT_STANDARD_LIBRARIES = YES;
				CODE_SIGN_STYLE = Automatic;
				DEVELOPMENT_TEAM = WD3HSGX563;
				INFOPLIST_FILE = NBAlufeUITests/Info.plist;
				LD_RUNPATH_SEARCH_PATHS = (
					"$(inherited)",
					"@executable_path/Frameworks",
					"@loader_path/Frameworks",
				);
				PRODUCT_BUNDLE_IDENTIFIER = AlexeyMeleshkevich.NBAlufeUITests;
				PRODUCT_NAME = "$(TARGET_NAME)";
				SWIFT_VERSION = 5.0;
				TARGETED_DEVICE_FAMILY = "1,2";
				TEST_TARGET_NAME = NBAlufe;
			};
			name = Release;
		};
/* End XCBuildConfiguration section */

/* Begin XCConfigurationList section */
		A6BB45CB23E2FE3600A1B5E2 /* Build configuration list for PBXProject "NBAlufe" */ = {
			isa = XCConfigurationList;
			buildConfigurations = (
				A6BB45F823E2FE3B00A1B5E2 /* Debug */,
				A6BB45F923E2FE3B00A1B5E2 /* Release */,
			);
			defaultConfigurationIsVisible = 0;
			defaultConfigurationName = Release;
		};
		A6BB45FA23E2FE3B00A1B5E2 /* Build configuration list for PBXNativeTarget "NBAlufe" */ = {
			isa = XCConfigurationList;
			buildConfigurations = (
				A6BB45FB23E2FE3B00A1B5E2 /* Debug */,
				A6BB45FC23E2FE3B00A1B5E2 /* Release */,
			);
			defaultConfigurationIsVisible = 0;
			defaultConfigurationName = Release;
		};
		A6BB45FD23E2FE3B00A1B5E2 /* Build configuration list for PBXNativeTarget "NBAlufeTests" */ = {
			isa = XCConfigurationList;
			buildConfigurations = (
				A6BB45FE23E2FE3B00A1B5E2 /* Debug */,
				A6BB45FF23E2FE3B00A1B5E2 /* Release */,
			);
			defaultConfigurationIsVisible = 0;
			defaultConfigurationName = Release;
		};
		A6BB460023E2FE3B00A1B5E2 /* Build configuration list for PBXNativeTarget "NBAlufeUITests" */ = {
			isa = XCConfigurationList;
			buildConfigurations = (
				A6BB460123E2FE3B00A1B5E2 /* Debug */,
				A6BB460223E2FE3B00A1B5E2 /* Release */,
			);
			defaultConfigurationIsVisible = 0;
			defaultConfigurationName = Release;
		};
/* End XCConfigurationList section */
	};
	rootObject = A6BB45C823E2FE3600A1B5E2 /* Project object */;
}
